
Microsoft Visual Studio Solution File, Format Version 12.00
# Visual Studio Version 17
VisualStudioVersion = 17.11.35222.181
MinimumVisualStudioVersion = 10.0.40219.1
Project("{FAE04EC0-301F-11D3-BF4B-00C04F79EFBC}") = "lab4_pr1", "lab4_pr1.csproj", "{7E40EDAA-01F7-4E95-A9EB-D1E5F8579875}"
EndProject
Project("{FAE04EC0-301F-11D3-BF4B-00C04F79EFBC}") = "lab4_pr2", "..\lab4_pr2\lab4_pr2.csproj", "{8839A7DD-F2B8-4B84-98F8-8BFF26E82AEA}"
EndProject
Project("{FAE04EC0-301F-11D3-BF4B-00C04F79EFBC}") = "lab4_pr3", "..\lab4_pr3\lab4_pr3.csproj", "{3AA5870E-0BDB-4D12-9C38-E70EE52A729D}"
EndProject
Global
	GlobalSection(SolutionConfigurationPlatforms) = preSolution
		Debug|Any CPU = Debug|Any CPU
		Release|Any CPU = Release|Any CPU
	EndGlobalSection
	GlobalSection(ProjectConfigurationPlatforms) = postSolution
		{7E40EDAA-01F7-4E95-A9EB-D1E5F8579875}.Debug|Any CPU.ActiveCfg = Debug|Any CPU
		{7E40EDAA-01F7-4E95-A9EB-D1E5F8579875}.Debug|Any CPU.Build.0 = Debug|Any CPU
		{7E40EDAA-01F7-4E95-A9EB-D1E5F8579875}.Release|Any CPU.ActiveCfg = Release|Any CPU
		{7E40EDAA-01F7-4E95-A9EB-D1E5F8579875}.Release|Any CPU.Build.0 = Release|Any CPU
		{8839A7DD-F2B8-4B84-98F8-8BFF26E82AEA}.Debug|Any CPU.ActiveCfg = Debug|Any CPU
		{8839A7DD-F2B8-4B84-98F8-8BFF26E82AEA}.Debug|Any CPU.Build.0 = Debug|Any CPU
		{8839A7DD-F2B8-4B84-98F8-8BFF26E82AEA}.Release|Any CPU.ActiveCfg = Release|Any CPU
		{8839A7DD-F2B8-4B84-98F8-8BFF26E82AEA}.Release|Any CPU.Build.0 = Release|Any CPU
		{3AA5870E-0BDB-4D12-9C38-E70EE52A729D}.Debug|Any CPU.ActiveCfg = Debug|Any CPU
		{3AA5870E-0BDB-4D12-9C38-E70EE52A729D}.Debug|Any CPU.Build.0 = Debug|Any CPU
		{3AA5870E-0BDB-4D12-9C38-E70EE52A729D}.Release|Any CPU.ActiveCfg = Release|Any CPU
		{3AA5870E-0BDB-4D12-9C38-E70EE52A729D}.Release|Any CPU.Build.0 = Release|Any CPU
	EndGlobalSection
	GlobalSection(SolutionProperties) = preSolution
		HideSolutionNode = FALSE
	EndGlobalSection
	GlobalSection(ExtensibilityGlobals) = postSolution
		SolutionGuid = {70EEA626-F287-474C-9E06-53B126A794EB}
	EndGlobalSection
EndGlobal
